
Microsoft Visual Studio Solution File, Format Version 12.00
Project("{FAE04EC0-301F-11D3-BF4B-00C04F79EFBC}") = "SpotifyDisplayApi", "SpotifyDisplayApi.csproj", "{6531AB86-D35A-40AE-8715-5B378F777A1B}"
EndProject
Global
	GlobalSection(SolutionConfigurationPlatforms) = preSolution
		Debug|Any CPU = Debug|Any CPU
		Release|Any CPU = Release|Any CPU
	EndGlobalSection
	GlobalSection(ProjectConfigurationPlatforms) = postSolution
		{6531AB86-D35A-40AE-8715-5B378F777A1B}.Debug|Any CPU.ActiveCfg = Debug|Any CPU
		{6531AB86-D35A-40AE-8715-5B378F777A1B}.Debug|Any CPU.Build.0 = Debug|Any CPU
		{6531AB86-D35A-40AE-8715-5B378F777A1B}.Release|Any CPU.ActiveCfg = Release|Any CPU
		{6531AB86-D35A-40AE-8715-5B378F777A1B}.Release|Any CPU.Build.0 = Release|Any CPU
	EndGlobalSection
EndGlobal
